hash: c5ed21d4ee538ff1ef835030101a7b89c1501157c30d9e5aae50f19fcb933ddf
updated: 2018-01-15T10:09:07.941661734Z
imports:
- name: code.cloudfoundry.org/lager
  version: 0bfa98e49e7a976af91e918d47978f07c00b081f
- name: github.com/albertoleal/concourse-flake-hunter
  version: 5cd1fd8959f9041e8968f5f94897813f4f64ace8
  subpackages:
  - fly
  - hunter
- name: github.com/bmizerany/pat
  version: 6226ea591a40176dd3ff9cd8eff81ed6ca721a00
- name: github.com/concourse/atc
  version: 1f74ac4efab20a94cbfb892b2dd2319b2acf4af7
  subpackages:
  - event
- name: github.com/concourse/go-concourse
  version: ee7eca0318fdc5c47d723b4462d8bf5a6be7c027
  subpackages:
  - concourse
  - concourse/eventstream
  - concourse/internal
- name: github.com/concourse/skymarshal
  version: 4938ed37aac23da673a041b9a4bdf1dd7ad6db15
  subpackages:
  - provider
- name: github.com/golang/protobuf
  version: 1e59b77b52bf8e4b449a57e6f79f21226d571845
  subpackages:
  - proto
- name: github.com/google/jsonapi
  version: e0fc4eed33051d6424c608a3db2f57a65217a185
- name: github.com/hashicorp/errwrap
  version: 7554cd9344cec97297fa6649b055a8c98c2a1e55
- name: github.com/hashicorp/go-multierror
  version: b7773ae218740a7be65057fc60b366a49b538a44
- name: github.com/jessevdk/go-flags
  version: f88afde2fa19a30cf50ba4b05b3d13bc6bae3079
- name: github.com/mitchellh/mapstructure
  version: db1efb556f84b25a0a13a04aad883943538ad2e0
- name: github.com/olekukonko/tablewriter
  version: 96aac992fc8b1a4c83841a6c3e7178d20d989625
- name: github.com/peterhellberg/link
  version: 8768c6d4dc563b4a09f58ecda04997024452c057
- name: github.com/tedsuo/rata
  version: 07d200713958d05692ac35aa8b5f1949342fee80
- name: github.com/urfave/cli
  version: 0bdeddeeb0f650497d603c4ad7b20cfe685682f6
- name: github.com/vito/go-sse
  version: fd69d275caac5d78d793e77ddbe9bd2001d9b88d
  subpackages:
  - sse
- name: golang.org/x/net
  version: 5ccada7d0a7ba9aeb5d3aca8d3501b4c2a509fec
  subpackages:
  - context
  - context/ctxhttp
  - html
  - html/atom
  - html/charset
- name: golang.org/x/oauth2
  version: 30785a2c434e431ef7c507b54617d6a951d5f2b4
  subpackages:
  - internal
- name: google.golang.org/appengine
  version: 5bee14b453b4c71be47ec1781b0fa61c2ea182db
  subpackages:
  - internal
  - internal/base
  - internal/datastore
  - internal/log
  - internal/remote_api
  - internal/urlfetch
  - urlfetch
- name: gopkg.in/yaml.v2
  version: d670f9405373e636a5a2765eea47fac0c9bc91a4
testImports:
- name: github.com/onsi/ginkgo
  version: 6c46eb8334b30dc55b42f1a1c725d5ce97375390
  subpackages:
  - config
  - internal/codelocation
  - internal/containernode
  - internal/failer
  - internal/leafnodes
  - internal/remote
  - internal/spec
  - internal/spec_iterator
  - internal/specrunner
  - internal/suite
  - internal/testingtproxy
  - internal/writer
  - reporters
  - reporters/stenographer
  - reporters/stenographer/support/go-colorable
  - reporters/stenographer/support/go-isatty
  - types
- name: github.com/onsi/gomega
  version: 003f63b7f4cff3fc95357005358af2de0f5fe152
  subpackages:
  - format
  - gbytes
  - gexec
  - ghttp
  - internal/assertion
  - internal/asyncassertion
  - internal/oraclematcher
  - internal/testingtsupport
  - matchers
  - matchers/support/goraph/bipartitegraph
  - matchers/support/goraph/edge
  - matchers/support/goraph/node
  - matchers/support/goraph/util
  - types
- name: golang.org/x/sys
  version: fff93fa7cd278d84afc205751523809c464168ab
  subpackages:
  - unix
- name: golang.org/x/text
  version: e19ae1496984b1c655b8044a65c0300a3c878dd3
  subpackages:
  - encoding
  - encoding/charmap
  - encoding/htmlindex
  - encoding/internal
  - encoding/internal/identifier
  - encoding/japanese
  - encoding/korean
  - encoding/simplifiedchinese
  - encoding/traditionalchinese
  - encoding/unicode
  - internal/tag
  - internal/utf8internal
  - language
  - runes
  - transform
